{
  "version": 4,
  "terraform_version": "1.15.4",
  "serial": 15,
  "lineage": "8332dd33-a0fb-8a03-9319-668de2e0eab0",
  "outputs": {
    "resource_group_name": {
      "value": "securepipeline-rg",
      "type": "string"
    },
    "storage_account_name": {
      "value": "secpipelinesebastore",
      "type": "string"
    }
  },
  "resources": [
    {
      "mode": "managed",
      "type": "azurerm_resource_group",
      "name": "main",
      "provider": "provider[\"registry.terraform.io/hashicorp/azurerm\"]",
      "instances": [
        {
          "schema_version": 0,
          "attributes": {
            "id": "/subscriptions/c814d072-8686-4a3e-8b27-98b7bf87e412/resourceGroups/securepipeline-rg",
            "location": "westeurope",
            "managed_by": "",
            "name": "securepipeline-rg",
            "tags": null,
            "timeouts": null
          },
          "sensitive_attributes": [],
          "identity_schema_version": 0,
          "private": "eyJlMmJmYjczMC1lY2FhLTExZTYtOGY4OC0zNDM2M2JjN2M0YzAiOnsiY3JlYXRlIjo1NDAwMDAwMDAwMDAwLCJkZWxldGUiOjU0MDAwMDAwMDAwMDAsInJlYWQiOjMwMDAwMDAwMDAwMCwidXBkYXRlIjo1NDAwMDAwMDAwMDAwfX0="
        }
      ]
    }
  ],
  "check_results": null
}
